// !$*UTF8*$!
{
	archiveVersion = 1;
	classes = {
	};
	objectVersion = 56;
	objects = {

/* Begin PBXBuildFile section */
		13DADA6E2B3602BD00F6E566 /* webpage.swift in Sources */ = {isa = PBXBuildFile; fileRef = 13DADA6D2B3602BD00F6E566 /* webpage.swift */; };
		1754D54A2B374356005359B1 /* NewFormView.swift in Sources */ = {isa = PBXBuildFile; fileRef = 1754D5492B374356005359B1 /* NewFormView.swift */; };
		1754D54E2B374A3E005359B1 /* CheckBoxView.swift in Sources */ = {isa = PBXBuildFile; fileRef = 1754D54D2B374A3E005359B1 /* CheckBoxView.swift */; };
		17949C2B2B34BC8600CCABE0 /* PasswordManagementApp.swift in Sources */ = {isa = PBXBuildFile; fileRef = 17949C2A2B34BC8600CCABE0 /* PasswordManagementApp.swift */; };
		17949C2F2B34BC8600CCABE0 /* Item.swift in Sources */ = {isa = PBXBuildFile; fileRef = 17949C2E2B34BC8600CCABE0 /* Item.swift */; };
		17949C312B34BC8700CCABE0 /* Assets.xcassets in Resources */ = {isa = PBXBuildFile; fileRef = 17949C302B34BC8700CCABE0 /* Assets.xcassets */; };
		17949C342B34BC8700CCABE0 /* Preview Assets.xcassets in Resources */ = {isa = PBXBuildFile; fileRef = 17949C332B34BC8700CCABE0 /* Preview Assets.xcassets */; };
		17949C3E2B34BC8700CCABE0 /* PasswordManagementTests.swift in Sources */ = {isa = PBXBuildFile; fileRef = 17949C3D2B34BC8700CCABE0 /* PasswordManagementTests.swift */; };
		17949C482B34BC8700CCABE0 /* PasswordManagementUITests.swift in Sources */ = {isa = PBXBuildFile; fileRef = 17949C472B34BC8700CCABE0 /* PasswordManagementUITests.swift */; };
		17949C4A2B34BC8700CCABE0 /* PasswordManagementUITestsLaunchTests.swift in Sources */ = {isa = PBXBuildFile; fileRef = 17949C492B34BC8700CCABE0 /* PasswordManagementUITestsLaunchTests.swift */; };
		17949C602B34BCCE00CCABE0 /* RegistrationView.swift in Sources */ = {isa = PBXBuildFile; fileRef = 17949C582B34BCCE00CCABE0 /* RegistrationView.swift */; };
		17949C612B34BCCE00CCABE0 /* ListView.swift in Sources */ = {isa = PBXBuildFile; fileRef = 17949C592B34BCCE00CCABE0 /* ListView.swift */; };
		17949C622B34BCCE00CCABE0 /* LoginView.swift in Sources */ = {isa = PBXBuildFile; fileRef = 17949C5A2B34BCCE00CCABE0 /* LoginView.swift */; };
		17949C632B34BCCE00CCABE0 /* NewItemView.swift in Sources */ = {isa = PBXBuildFile; fileRef = 17949C5B2B34BCCE00CCABE0 /* NewItemView.swift */; };
		17949C652B34BCCE00CCABE0 /* LoginButtonView.swift in Sources */ = {isa = PBXBuildFile; fileRef = 17949C5D2B34BCCE00CCABE0 /* LoginButtonView.swift */; };
		17949C662B34BCCE00CCABE0 /* BackView.swift in Sources */ = {isa = PBXBuildFile; fileRef = 17949C5E2B34BCCE00CCABE0 /* BackView.swift */; };
		17949C672B34BCCE00CCABE0 /* ContentView.swift in Sources */ = {isa = PBXBuildFile; fileRef = 17949C5F2B34BCCE00CCABE0 /* ContentView.swift */; };
		17949C6C2B34BD0100CCABE0 /* RegistrationViewViewModel.swift in Sources */ = {isa = PBXBuildFile; fileRef = 17949C692B34BD0100CCABE0 /* RegistrationViewViewModel.swift */; };
		17949C6D2B34BD0100CCABE0 /* NewItemViewViewModel.swift in Sources */ = {isa = PBXBuildFile; fileRef = 17949C6A2B34BD0100CCABE0 /* NewItemViewViewModel.swift */; };
		17949C6E2B34BD0100CCABE0 /* LoginViewViewModel.swift in Sources */ = {isa = PBXBuildFile; fileRef = 17949C6B2B34BD0100CCABE0 /* LoginViewViewModel.swift */; };
		17949C712B34BD1B00CCABE0 /* LoginInfoItem.swift in Sources */ = {isa = PBXBuildFile; fileRef = 17949C702B34BD1B00CCABE0 /* LoginInfoItem.swift */; };
		17B4AE282B39F44600DB3B3A /* PasswordOptionsView.swift in Sources */ = {isa = PBXBuildFile; fileRef = 17B4AE272B39F44600DB3B3A /* PasswordOptionsView.swift */; };
		17B4AE2A2B3A0A9500DB3B3A /* TutorialView.swift in Sources */ = {isa = PBXBuildFile; fileRef = 17B4AE292B3A0A9500DB3B3A /* TutorialView.swift */; };
		17B4AE2C2B3A0BBD00DB3B3A /* LockedFormView.swift in Sources */ = {isa = PBXBuildFile; fileRef = 17B4AE2B2B3A0BBD00DB3B3A /* LockedFormView.swift */; };
		17C94A392B35A44F006AA698 /* ListViewViewModel.swift in Sources */ = {isa = PBXBuildFile; fileRef = 17C94A382B35A44F006AA698 /* ListViewViewModel.swift */; };
		17C94A3C2B35C349006AA698 /* DetailView.swift in Sources */ = {isa = PBXBuildFile; fileRef = 17C94A3B2B35C349006AA698 /* DetailView.swift */; };
		17C94A3E2B35C444006AA698 /* ButtonListView.swift in Sources */ = {isa = PBXBuildFile; fileRef = 17C94A3D2B35C444006AA698 /* ButtonListView.swift */; };
		17C9890C2B3CC1D60043ECDD /* NewFormViewViewModel.swift in Sources */ = {isa = PBXBuildFile; fileRef = 17C9890B2B3CC1D60043ECDD /* NewFormViewViewModel.swift */; };
/* End PBXBuildFile section */

/* Begin PBXContainerItemProxy section */
		17949C3A2B34BC8700CCABE0 /* PBXContainerItemProxy */ = {
			isa = PBXContainerItemProxy;
			containerPortal = 17949C1F2B34BC8600CCABE0 /* Project object */;
			proxyType = 1;
			remoteGlobalIDString = 17949C262B34BC8600CCABE0;
			remoteInfo = PasswordManagement;
		};
		17949C442B34BC8700CCABE0 /* PBXContainerItemProxy */ = {
			isa = PBXContainerItemProxy;
			containerPortal = 17949C1F2B34BC8600CCABE0 /* Project object */;
			proxyType = 1;
			remoteGlobalIDString = 17949C262B34BC8600CCABE0;
			remoteInfo = PasswordManagement;
		};
/* End PBXContainerItemProxy section */

/* Begin PBXFileReference section */
		13DADA6D2B3602BD00F6E566 /* webpage.swift */ = {isa = PBXFileReference; lastKnownFileType = sourcecode.swift; path = webpage.swift; sourceTree = "<group>"; };
		1754D5492B374356005359B1 /* NewFormView.swift */ = {isa = PBXFileReference; lastKnownFileType = sourcecode.swift; path = NewFormView.swift; sourceTree = "<group>"; };
		1754D54D2B374A3E005359B1 /* CheckBoxView.swift */ = {isa = PBXFileReference; lastKnownFileType = sourcecode.swift; path = CheckBoxView.swift; sourceTree = "<group>"; };
		17949C272B34BC8600CCABE0 /* PasswordManagement.app */ = {isa = PBXFileReference; explicitFileType = wrapper.application; includeInIndex = 0; path = PasswordManagement.app; sourceTree = BUILT_PRODUCTS_DIR; };
		17949C2A2B34BC8600CCABE0 /* PasswordManagementApp.swift */ = {isa = PBXFileReference; lastKnownFileType = sourcecode.swift; path = PasswordManagementApp.swift; sourceTree = "<group>"; };
		17949C2E2B34BC8600CCABE0 /* Item.swift */ = {isa = PBXFileReference; lastKnownFileType = sourcecode.swift; path = Item.swift; sourceTree = "<group>"; };
		17949C302B34BC8700CCABE0 /* Assets.xcassets */ = {isa = PBXFileReference; lastKnownFileType = folder.assetcatalog; path = Assets.xcassets; sourceTree = "<group>"; };
		17949C332B34BC8700CCABE0 /* Preview Assets.xcassets */ = {isa = PBXFileReference; lastKnownFileType = folder.assetcatalog; path = "Preview Assets.xcassets"; sourceTree = "<group>"; };
		17949C392B34BC8700CCABE0 /* PasswordManagementTests.xctest */ = {isa = PBXFileReference; explicitFileType = wrapper.cfbundle; includeInIndex = 0; path = PasswordManagementTests.xctest; sourceTree = BUILT_PRODUCTS_DIR; };
		17949C3D2B34BC8700CCABE0 /* PasswordManagementTests.swift */ = {isa = PBXFileReference; lastKnownFileType = sourcecode.swift; path = PasswordManagementTests.swift; sourceTree = "<group>"; };
		17949C432B34BC8700CCABE0 /* PasswordManagementUITests.xctest */ = {isa = PBXFileReference; explicitFileType = wrapper.cfbundle; includeInIndex = 0; path = PasswordManagementUITests.xctest; sourceTree = BUILT_PRODUCTS_DIR; };
		17949C472B34BC8700CCABE0 /* PasswordManagementUITests.swift */ = {isa = PBXFileReference; lastKnownFileType = sourcecode.swift; path = PasswordManagementUITests.swift; sourceTree = "<group>"; };
		17949C492B34BC8700CCABE0 /* PasswordManagementUITestsLaunchTests.swift */ = {isa = PBXFileReference; lastKnownFileType = sourcecode.swift; path = PasswordManagementUITestsLaunchTests.swift; sourceTree = "<group>"; };
		17949C582B34BCCE00CCABE0 /* RegistrationView.swift */ = {isa = PBXFileReference; fileEncoding = 4; lastKnownFileType = sourcecode.swift; path = RegistrationView.swift; sourceTree = "<group>"; };
		17949C592B34BCCE00CCABE0 /* ListView.swift */ = {isa = PBXFileReference; fileEncoding = 4; lastKnownFileType = sourcecode.swift; path = ListView.swift; sourceTree = "<group>"; };
		17949C5A2B34BCCE00CCABE0 /* LoginView.swift */ = {isa = PBXFileReference; fileEncoding = 4; lastKnownFileType = sourcecode.swift; path = LoginView.swift; sourceTree = "<group>"; };
		17949C5B2B34BCCE00CCABE0 /* NewItemView.swift */ = {isa = PBXFileReference; fileEncoding = 4; lastKnownFileType = sourcecode.swift; path = NewItemView.swift; sourceTree = "<group>"; };
		17949C5D2B34BCCE00CCABE0 /* LoginButtonView.swift */ = {isa = PBXFileReference; fileEncoding = 4; lastKnownFileType = sourcecode.swift; path = LoginButtonView.swift; sourceTree = "<group>"; };
		17949C5E2B34BCCE00CCABE0 /* BackView.swift */ = {isa = PBXFileReference; fileEncoding = 4; lastKnownFileType = sourcecode.swift; path = BackView.swift; sourceTree = "<group>"; };
		17949C5F2B34BCCE00CCABE0 /* ContentView.swift */ = {isa = PBXFileReference; fileEncoding = 4; lastKnownFileType = sourcecode.swift; path = ContentView.swift; sourceTree = "<group>"; };
		17949C692B34BD0100CCABE0 /* RegistrationViewViewModel.swift */ = {isa = PBXFileReference; fileEncoding = 4; lastKnownFileType = sourcecode.swift; path = RegistrationViewViewModel.swift; sourceTree = "<group>"; };
		17949C6A2B34BD0100CCABE0 /* NewItemViewViewModel.swift */ = {isa = PBXFileReference; fileEncoding = 4; lastKnownFileType = sourcecode.swift; path = NewItemViewViewModel.swift; sourceTree = "<group>"; };
		17949C6B2B34BD0100CCABE0 /* LoginViewViewModel.swift */ = {isa = PBXFileReference; fileEncoding = 4; lastKnownFileType = sourcecode.swift; path = LoginViewViewModel.swift; sourceTree = "<group>"; };
		17949C702B34BD1B00CCABE0 /* LoginInfoItem.swift */ = {isa = PBXFileReference; fileEncoding = 4; lastKnownFileType = sourcecode.swift; path = LoginInfoItem.swift; sourceTree = "<group>"; };
		17B4AE272B39F44600DB3B3A /* PasswordOptionsView.swift */ = {isa = PBXFileReference; lastKnownFileType = sourcecode.swift; path = PasswordOptionsView.swift; sourceTree = "<group>"; };
		17B4AE292B3A0A9500DB3B3A /* TutorialView.swift */ = {isa = PBXFileReference; lastKnownFileType = sourcecode.swift; path = TutorialView.swift; sourceTree = "<group>"; };
		17B4AE2B2B3A0BBD00DB3B3A /* LockedFormView.swift */ = {isa = PBXFileReference; lastKnownFileType = sourcecode.swift; path = LockedFormView.swift; sourceTree = "<group>"; };
		17C94A382B35A44F006AA698 /* ListViewViewModel.swift */ = {isa = PBXFileReference; lastKnownFileType = sourcecode.swift; path = ListViewViewModel.swift; sourceTree = "<group>"; };
		17C94A3B2B35C349006AA698 /* DetailView.swift */ = {isa = PBXFileReference; lastKnownFileType = sourcecode.swift; path = DetailView.swift; sourceTree = "<group>"; };
		17C94A3D2B35C444006AA698 /* ButtonListView.swift */ = {isa = PBXFileReference; lastKnownFileType = sourcecode.swift; path = ButtonListView.swift; sourceTree = "<group>"; };
		17C9890B2B3CC1D60043ECDD /* NewFormViewViewModel.swift */ = {isa = PBXFileReference; lastKnownFileType = sourcecode.swift; path = NewFormViewViewModel.swift; sourceTree = "<group>"; };
/* End PBXFileReference section */

/* Begin PBXFrameworksBuildPhase section */
		17949C242B34BC8600CCABE0 /* Frameworks */ = {
			isa = PBXFrameworksBuildPhase;
			buildActionMask = 2147483647;
			files = (
			);
			runOnlyForDeploymentPostprocessing = 0;
		};
		17949C362B34BC8700CCABE0 /* Frameworks */ = {
			isa = PBXFrameworksBuildPhase;
			buildActionMask = 2147483647;
			files = (
			);
			runOnlyForDeploymentPostprocessing = 0;
		};
		17949C402B34BC8700CCABE0 /* Frameworks */ = {
			isa = PBXFrameworksBuildPhase;
			buildActionMask = 2147483647;
			files = (
			);
			runOnlyForDeploymentPostprocessing = 0;
		};
/* End PBXFrameworksBuildPhase section */

/* Begin PBXGroup section */
		13DADA6C2B36029200F6E566 /* embeddedbrowser */ = {
			isa = PBXGroup;
			children = (
				13DADA6D2B3602BD00F6E566 /* webpage.swift */,
			);
			path = embeddedbrowser;
			sourceTree = "<group>";
		};
		17949C1E2B34BC8600CCABE0 = {
			isa = PBXGroup;
			children = (
				17949C292B34BC8600CCABE0 /* PasswordManagement */,
				17949C3C2B34BC8700CCABE0 /* PasswordManagementTests */,
				17949C462B34BC8700CCABE0 /* PasswordManagementUITests */,
				17949C282B34BC8600CCABE0 /* Products */,
			);
			sourceTree = "<group>";
		};
		17949C282B34BC8600CCABE0 /* Products */ = {
			isa = PBXGroup;
			children = (
				17949C272B34BC8600CCABE0 /* PasswordManagement.app */,
				17949C392B34BC8700CCABE0 /* PasswordManagementTests.xctest */,
				17949C432B34BC8700CCABE0 /* PasswordManagementUITests.xctest */,
			);
			name = Products;
			sourceTree = "<group>";
		};
		17949C292B34BC8600CCABE0 /* PasswordManagement */ = {
			isa = PBXGroup;
			children = (
				13DADA6C2B36029200F6E566 /* embeddedbrowser */,
				17949C6F2B34BD1B00CCABE0 /* Models */,
				17949C682B34BD0100CCABE0 /* ViewModels */,
				17949C572B34BCCE00CCABE0 /* Views */,
				17949C2A2B34BC8600CCABE0 /* PasswordManagementApp.swift */,
				17949C2E2B34BC8600CCABE0 /* Item.swift */,
				17949C302B34BC8700CCABE0 /* Assets.xcassets */,
				17949C322B34BC8700CCABE0 /* Preview Content */,
			);
			path = PasswordManagement;
			sourceTree = "<group>";
		};
		17949C322B34BC8700CCABE0 /* Preview Content */ = {
			isa = PBXGroup;
			children = (
				17949C332B34BC8700CCABE0 /* Preview Assets.xcassets */,
			);
			path = "Preview Content";
			sourceTree = "<group>";
		};
		17949C3C2B34BC8700CCABE0 /* PasswordManagementTests */ = {
			isa = PBXGroup;
			children = (
				17949C3D2B34BC8700CCABE0 /* PasswordManagementTests.swift */,
			);
			path = PasswordManagementTests;
			sourceTree = "<group>";
		};
		17949C462B34BC8700CCABE0 /* PasswordManagementUITests */ = {
			isa = PBXGroup;
			children = (
				17949C472B34BC8700CCABE0 /* PasswordManagementUITests.swift */,
				17949C492B34BC8700CCABE0 /* PasswordManagementUITestsLaunchTests.swift */,
			);
			path = PasswordManagementUITests;
			sourceTree = "<group>";
		};
		17949C572B34BCCE00CCABE0 /* Views */ = {
			isa = PBXGroup;
			children = (
				17C94A3A2B35ACB4006AA698 /* _ */,
				17949C592B34BCCE00CCABE0 /* ListView.swift */,
				17B4AE2B2B3A0BBD00DB3B3A /* LockedFormView.swift */,
				17B4AE292B3A0A9500DB3B3A /* TutorialView.swift */,
				17B4AE272B39F44600DB3B3A /* PasswordOptionsView.swift */,
				17C94A3B2B35C349006AA698 /* DetailView.swift */,
				17949C5B2B34BCCE00CCABE0 /* NewItemView.swift */,
				17949C5F2B34BCCE00CCABE0 /* ContentView.swift */,
			);
			path = Views;
			sourceTree = "<group>";
		};
		17949C682B34BD0100CCABE0 /* ViewModels */ = {
			isa = PBXGroup;
			children = (
				17C94A382B35A44F006AA698 /* ListViewViewModel.swift */,
				17C9890B2B3CC1D60043ECDD /* NewFormViewViewModel.swift */,
				17949C692B34BD0100CCABE0 /* RegistrationViewViewModel.swift */,
				17949C6A2B34BD0100CCABE0 /* NewItemViewViewModel.swift */,
				17949C6B2B34BD0100CCABE0 /* LoginViewViewModel.swift */,
			);
			path = ViewModels;
			sourceTree = "<group>";
		};
		17949C6F2B34BD1B00CCABE0 /* Models */ = {
			isa = PBXGroup;
			children = (
				17949C702B34BD1B00CCABE0 /* LoginInfoItem.swift */,
			);
			path = Models;
			sourceTree = "<group>";
		};
		17C94A3A2B35ACB4006AA698 /* _ */ = {
			isa = PBXGroup;
			children = (
				1754D54D2B374A3E005359B1 /* CheckBoxView.swift */,
				1754D5492B374356005359B1 /* NewFormView.swift */,
				17949C5D2B34BCCE00CCABE0 /* LoginButtonView.swift */,
				17949C5A2B34BCCE00CCABE0 /* LoginView.swift */,
				17C94A3D2B35C444006AA698 /* ButtonListView.swift */,
				17949C582B34BCCE00CCABE0 /* RegistrationView.swift */,
				17949C5E2B34BCCE00CCABE0 /* BackView.swift */,
			);
			path = _;
			sourceTree = "<group>";
		};
/* End PBXGroup section */

/* Begin PBXNativeTarget section */
		17949C262B34BC8600CCABE0 /* PasswordManagement */ = {
			isa = PBXNativeTarget;
			buildConfigurationList = 17949C4D2B34BC8700CCABE0 /* Build configuration list for PBXNativeTarget "PasswordManagement" */;
			buildPhases = (
				17949C232B34BC8600CCABE0 /* Sources */,
				17949C242B34BC8600CCABE0 /* Frameworks */,
				17949C252B34BC8600CCABE0 /* Resources */,
			);
			buildRules = (
			);
			dependencies = (
			);
			name = PasswordManagement;
			productName = PasswordManagement;
			productReference = 17949C272B34BC8600CCABE0 /* PasswordManagement.app */;
			productType = "com.apple.product-type.application";
		};
		17949C382B34BC8700CCABE0 /* PasswordManagementTests */ = {
			isa = PBXNativeTarget;
			buildConfigurationList = 17949C502B34BC8700CCABE0 /* Build configuration list for PBXNativeTarget "PasswordManagementTests" */;
			buildPhases = (
				17949C352B34BC8700CCABE0 /* Sources */,
				17949C362B34BC8700CCABE0 /* Frameworks */,
				17949C372B34BC8700CCABE0 /* Resources */,
			);
			buildRules = (
			);
			dependencies = (
				17949C3B2B34BC8700CCABE0 /* PBXTargetDependency */,
			);
			name = PasswordManagementTests;
			productName = PasswordManagementTests;
			productReference = 17949C392B34BC8700CCABE0 /* PasswordManagementTests.xctest */;
			productType = "com.apple.product-type.bundle.unit-test";
		};
		17949C422B34BC8700CCABE0 /* PasswordManagementUITests */ = {
			isa = PBXNativeTarget;
			buildConfigurationList = 17949C532B34BC8700CCABE0 /* Build configuration list for PBXNativeTarget "PasswordManagementUITests" */;
			buildPhases = (
				17949C3F2B34BC8700CCABE0 /* Sources */,
				17949C402B34BC8700CCABE0 /* Frameworks */,
				17949C412B34BC8700CCABE0 /* Resources */,
			);
			buildRules = (
			);
			dependencies = (
				17949C452B34BC8700CCABE0 /* PBXTargetDependency */,
			);
			name = PasswordManagementUITests;
			productName = PasswordManagementUITests;
			productReference = 17949C432B34BC8700CCABE0 /* PasswordManagementUITests.xctest */;
			productType = "com.apple.product-type.bundle.ui-testing";
		};
/* End PBXNativeTarget section */

/* Begin PBXProject section */
		17949C1F2B34BC8600CCABE0 /* Project object */ = {
			isa = PBXProject;
			attributes = {
				BuildIndependentTargetsInParallel = 1;
				LastSwiftUpdateCheck = 1510;
				LastUpgradeCheck = 1510;
				TargetAttributes = {
					17949C262B34BC8600CCABE0 = {
						CreatedOnToolsVersion = 15.1;
					};
					17949C382B34BC8700CCABE0 = {
						CreatedOnToolsVersion = 15.1;
						TestTargetID = 17949C262B34BC8600CCABE0;
					};
					17949C422B34BC8700CCABE0 = {
						CreatedOnToolsVersion = 15.1;
						TestTargetID = 17949C262B34BC8600CCABE0;
					};
				};
			};
			buildConfigurationList = 17949C222B34BC8600CCABE0 /* Build configuration list for PBXProject "PasswordManagement" */;
			compatibilityVersion = "Xcode 14.0";
			developmentRegion = en;
			hasScannedForEncodings = 0;
			knownRegions = (
				en,
				Base,
			);
			mainGroup = 17949C1E2B34BC8600CCABE0;
			productRefGroup = 17949C282B34BC8600CCABE0 /* Products */;
			projectDirPath = "";
			projectRoot = "";
			targets = (
				17949C262B34BC8600CCABE0 /* PasswordManagement */,
				17949C382B34BC8700CCABE0 /* PasswordManagementTests */,
				17949C422B34BC8700CCABE0 /* PasswordManagementUITests */,
			);
		};
/* End PBXProject section */

/* Begin PBXResourcesBuildPhase section */
		17949C252B34BC8600CCABE0 /* Resources */ = {
			isa = PBXResourcesBuildPhase;
			buildActionMask = 2147483647;
			files = (
				17949C342B34BC8700CCABE0 /* Preview Assets.xcassets in Resources */,
				17949C312B34BC8700CCABE0 /* Assets.xcassets in Resources */,
			);
			runOnlyForDeploymentPostprocessing = 0;
		};
		17949C372B34BC8700CCABE0 /* Resources */ = {
			isa = PBXResourcesBuildPhase;
			buildActionMask = 2147483647;
			files = (
			);
			runOnlyForDeploymentPostprocessing = 0;
		};
		17949C412B34BC8700CCABE0 /* Resources */ = {
			isa = PBXResourcesBuildPhase;
			buildActionMask = 2147483647;
			files = (
			);
			runOnlyForDeploymentPostprocessing = 0;
		};
/* End PBXResourcesBuildPhase section */

/* Begin PBXSourcesBuildPhase section */
		17949C232B34BC8600CCABE0 /* Sources */ = {
			isa = PBXSourcesBuildPhase;
			buildActionMask = 2147483647;
			files = (
				1754D54A2B374356005359B1 /* NewFormView.swift in Sources */,
				17949C672B34BCCE00CCABE0 /* ContentView.swift in Sources */,
				17B4AE282B39F44600DB3B3A /* PasswordOptionsView.swift in Sources */,
				1754D54E2B374A3E005359B1 /* CheckBoxView.swift in Sources */,
				17949C6C2B34BD0100CCABE0 /* RegistrationViewViewModel.swift in Sources */,
				17C9890C2B3CC1D60043ECDD /* NewFormViewViewModel.swift in Sources */,
				17949C622B34BCCE00CCABE0 /* LoginView.swift in Sources */,
				17B4AE2C2B3A0BBD00DB3B3A /* LockedFormView.swift in Sources */,
				17C94A392B35A44F006AA698 /* ListViewViewModel.swift in Sources */,
				17949C632B34BCCE00CCABE0 /* NewItemView.swift in Sources */,
				17949C652B34BCCE00CCABE0 /* LoginButtonView.swift in Sources */,
				17C94A3E2B35C444006AA698 /* ButtonListView.swift in Sources */,
				17949C6E2B34BD0100CCABE0 /* LoginViewViewModel.swift in Sources */,
				13DADA6E2B3602BD00F6E566 /* webpage.swift in Sources */,
				17949C2F2B34BC8600CCABE0 /* Item.swift in Sources */,
				17C94A3C2B35C349006AA698 /* DetailView.swift in Sources */,
				17949C612B34BCCE00CCABE0 /* ListView.swift in Sources */,
				17949C662B34BCCE00CCABE0 /* BackView.swift in Sources */,
				17949C6D2B34BD0100CCABE0 /* NewItemViewViewModel.swift in Sources */,
				17B4AE2A2B3A0A9500DB3B3A /* TutorialView.swift in Sources */,
				17949C2B2B34BC8600CCABE0 /* PasswordManagementApp.swift in Sources */,
				17949C712B34BD1B00CCABE0 /* LoginInfoItem.swift in Sources */,
				17949C602B34BCCE00CCABE0 /* RegistrationView.swift in Sources */,
			);
			runOnlyForDeploymentPostprocessing = 0;
		};
		17949C352B34BC8700CCABE0 /* Sources */ = {
			isa = PBXSourcesBuildPhase;
			buildActionMask = 2147483647;
			files = (
				17949C3E2B34BC8700CCABE0 /* PasswordManagementTests.swift in Sources */,
			);
			runOnlyForDeploymentPostprocessing = 0;
		};
		17949C3F2B34BC8700CCABE0 /* Sources */ = {
			isa = PBXSourcesBuildPhase;
			buildActionMask = 2147483647;
			files = (
				17949C4A2B34BC8700CCABE0 /* PasswordManagementUITestsLaunchTests.swift in Sources */,
				17949C482B34BC8700CCABE0 /* PasswordManagementUITests.swift in Sources */,
			);
			runOnlyForDeploymentPostprocessing = 0;
		};
/* End PBXSourcesBuildPhase section */

/* Begin PBXTargetDependency section */
		17949C3B2B34BC8700CCABE0 /* PBXTargetDependency */ = {
			isa = PBXTargetDependency;
			target = 17949C262B34BC8600CCABE0 /* PasswordManagement */;
			targetProxy = 17949C3A2B34BC8700CCABE0 /* PBXContainerItemProxy */;
		};
		17949C452B34BC8700CCABE0 /* PBXTargetDependency */ = {
			isa = PBXTargetDependency;
			target = 17949C262B34BC8600CCABE0 /* PasswordManagement */;
			targetProxy = 17949C442B34BC8700CCABE0 /* PBXContainerItemProxy */;
		};
/* End PBXTargetDependency section */

/* Begin XCBuildConfiguration section */
		17949C4B2B34BC8700CCABE0 /* Debug */ = {
			isa = XCBuildConfiguration;
			buildSettings = {
				ALWAYS_SEARCH_USER_PATHS = NO;
				ASSETCATALOG_COMPILER_GENERATE_SWIFT_ASSET_SYMBOL_EXTENSIONS = YES;
				CLANG_ANALYZER_NONNULL = YES;
				CLANG_ANALYZER_NUMBER_OBJECT_CONVERSION = YES_AGGRESSIVE;
				CLANG_CXX_LANGUAGE_STANDARD = "gnu++20";
				CLANG_ENABLE_MODULES = YES;
				CLANG_ENABLE_OBJC_ARC = YES;
				CLANG_ENABLE_OBJC_WEAK = YES;
				CLANG_WARN_BLOCK_CAPTURE_AUTORELEASING = YES;
				CLANG_WARN_BOOL_CONVERSION = YES;
				CLANG_WARN_COMMA = YES;
				CLANG_WARN_CONSTANT_CONVERSION = YES;
				CLANG_WARN_DEPRECATED_OBJC_IMPLEMENTATIONS = YES;
				CLANG_WARN_DIRECT_OBJC_ISA_USAGE = YES_ERROR;
				CLANG_WARN_DOCUMENTATION_COMMENTS = YES;
				CLANG_WARN_EMPTY_BODY = YES;
				CLANG_WARN_ENUM_CONVERSION = YES;
				CLANG_WARN_INFINITE_RECURSION = YES;
				CLANG_WARN_INT_CONVERSION = YES;
				CLANG_WARN_NON_LITERAL_NULL_CONVERSION = YES;
				CLANG_WARN_OBJC_IMPLICIT_RETAIN_SELF = YES;
				CLANG_WARN_OBJC_LITERAL_CONVERSION = YES;
				CLANG_WARN_OBJC_ROOT_CLASS = YES_ERROR;
				CLANG_WARN_QUOTED_INCLUDE_IN_FRAMEWORK_HEADER = YES;
				CLANG_WARN_RANGE_LOOP_ANALYSIS = YES;
				CLANG_WARN_STRICT_PROTOTYPES = YES;
				CLANG_WARN_SUSPICIOUS_MOVE = YES;
				CLANG_WARN_UNGUARDED_AVAILABILITY = YES_AGGRESSIVE;
				CLANG_WARN_UNREACHABLE_CODE = YES;
				CLANG_WARN__DUPLICATE_METHOD_MATCH = YES;
				COPY_PHASE_STRIP = NO;
				DEBUG_INFORMATION_FORMAT = dwarf;
				ENABLE_STRICT_OBJC_MSGSEND = YES;
				ENABLE_TESTABILITY = YES;
				ENABLE_USER_SCRIPT_SANDBOXING = YES;
				GCC_C_LANGUAGE_STANDARD = gnu17;
				GCC_DYNAMIC_NO_PIC = NO;
				GCC_NO_COMMON_BLOCKS = YES;
				GCC_OPTIMIZATION_LEVEL = 0;
				GCC_PREPROCESSOR_DEFINITIONS = (
					"DEBUG=1",
					"$(inherited)",
				);
				GCC_WARN_64_TO_32_BIT_CONVERSION = YES;
				GCC_WARN_ABOUT_RETURN_TYPE = YES_ERROR;
				GCC_WARN_UNDECLARED_SELECTOR = YES;
				GCC_WARN_UNINITIALIZED_AUTOS = YES_AGGRESSIVE;
				GCC_WARN_UNUSED_FUNCTION = YES;
				GCC_WARN_UNUSED_VARIABLE = YES;
				IPHONEOS_DEPLOYMENT_TARGET = 17.2;
				LOCALIZATION_PREFERS_STRING_CATALOGS = YES;
				MTL_ENABLE_DEBUG_INFO = INCLUDE_SOURCE;
				MTL_FAST_MATH = YES;
				ONLY_ACTIVE_ARCH = YES;
				SDKROOT = iphoneos;
				SWIFT_ACTIVE_COMPILATION_CONDITIONS = "DEBUG $(inherited)";
				SWIFT_OPTIMIZATION_LEVEL = "-Onone";
			};
			name = Debug;
		};
		17949C4C2B34BC8700CCABE0 /* Release */ = {
			isa = XCBuildConfiguration;
			buildSettings = {
				ALWAYS_SEARCH_USER_PATHS = NO;
				ASSETCATALOG_COMPILER_GENERATE_SWIFT_ASSET_SYMBOL_EXTENSIONS = YES;
				CLANG_ANALYZER_NONNULL = YES;
				CLANG_ANALYZER_NUMBER_OBJECT_CONVERSION = YES_AGGRESSIVE;
				CLANG_CXX_LANGUAGE_STANDARD = "gnu++20";
				CLANG_ENABLE_MODULES = YES;
				CLANG_ENABLE_OBJC_ARC = YES;
				CLANG_ENABLE_OBJC_WEAK = YES;
				CLANG_WARN_BLOCK_CAPTURE_AUTORELEASING = YES;
				CLANG_WARN_BOOL_CONVERSION = YES;
				CLANG_WARN_COMMA = YES;
				CLANG_WARN_CONSTANT_CONVERSION = YES;
				CLANG_WARN_DEPRECATED_OBJC_IMPLEMENTATIONS = YES;
				CLANG_WARN_DIRECT_OBJC_ISA_USAGE = YES_ERROR;
				CLANG_WARN_DOCUMENTATION_COMMENTS = YES;
				CLANG_WARN_EMPTY_BODY = YES;
				CLANG_WARN_ENUM_CONVERSION = YES;
				CLANG_WARN_INFINITE_RECURSION = YES;
				CLANG_WARN_INT_CONVERSION = YES;
				CLANG_WARN_NON_LITERAL_NULL_CONVERSION = YES;
				CLANG_WARN_OBJC_IMPLICIT_RETAIN_SELF = YES;
				CLANG_WARN_OBJC_LITERAL_CONVERSION = YES;
				CLANG_WARN_OBJC_ROOT_CLASS = YES_ERROR;
				CLANG_WARN_QUOTED_INCLUDE_IN_FRAMEWORK_HEADER = YES;
				CLANG_WARN_RANGE_LOOP_ANALYSIS = YES;
				CLANG_WARN_STRICT_PROTOTYPES = YES;
				CLANG_WARN_SUSPICIOUS_MOVE = YES;
				CLANG_WARN_UNGUARDED_AVAILABILITY = YES_AGGRESSIVE;
				CLANG_WARN_UNREACHABLE_CODE = YES;
				CLANG_WARN__DUPLICATE_METHOD_MATCH = YES;
				COPY_PHASE_STRIP = NO;
				DEBUG_INFORMATION_FORMAT = "dwarf-with-dsym";
				ENABLE_NS_ASSERTIONS = NO;
				ENABLE_STRICT_OBJC_MSGSEND = YES;
				ENABLE_USER_SCRIPT_SANDBOXING = YES;
				GCC_C_LANGUAGE_STANDARD = gnu17;
				GCC_NO_COMMON_BLOCKS = YES;
				GCC_WARN_64_TO_32_BIT_CONVERSION = YES;
				GCC_WARN_ABOUT_RETURN_TYPE = YES_ERROR;
				GCC_WARN_UNDECLARED_SELECTOR = YES;
				GCC_WARN_UNINITIALIZED_AUTOS = YES_AGGRESSIVE;
				GCC_WARN_UNUSED_FUNCTION = YES;
				GCC_WARN_UNUSED_VARIABLE = YES;
				IPHONEOS_DEPLOYMENT_TARGET = 17.2;
				LOCALIZATION_PREFERS_STRING_CATALOGS = YES;
				MTL_ENABLE_DEBUG_INFO = NO;
				MTL_FAST_MATH = YES;
				SDKROOT = iphoneos;
				SWIFT_COMPILATION_MODE = wholemodule;
				VALIDATE_PRODUCT = YES;
			};
			name = Release;
		};
		17949C4E2B34BC8700CCABE0 /* Debug */ = {
			isa = XCBuildConfiguration;
			buildSettings = {
				ASSETCATALOG_COMPILER_APPICON_NAME = AppIcon;
				ASSETCATALOG_COMPILER_GLOBAL_ACCENT_COLOR_NAME = AccentColor;
				CODE_SIGN_STYLE = Automatic;
				CURRENT_PROJECT_VERSION = 1;
				DEVELOPMENT_ASSET_PATHS = "\"PasswordManagement/Preview Content\"";
				ENABLE_PREVIEWS = YES;
				GENERATE_INFOPLIST_FILE = YES;
				INFOPLIST_KEY_UIApplicationSceneManifest_Generation = YES;
				INFOPLIST_KEY_UIApplicationSupportsIndirectInputEvents = YES;
				INFOPLIST_KEY_UILaunchScreen_Generation = YES;
				INFOPLIST_KEY_UISupportedInterfaceOrientations_iPad = "UIInterfaceOrientationPortrait UIInterfaceOrientationPortraitUpsideDown UIInterfaceOrientationLandscapeLeft UIInterfaceOrientationLandscapeRight";
				INFOPLIST_KEY_UISupportedInterfaceOrientations_iPhone = "UIInterfaceOrientationPortrait UIInterfaceOrientationLandscapeLeft UIInterfaceOrientationLandscapeRight";
				LD_RUNPATH_SEARCH_PATHS = (
					"$(inherited)",
					"@executable_path/Frameworks",
				);
				MARKETING_VERSION = 1.0;
				PRODUCT_BUNDLE_IDENTIFIER = SoftEng.PasswordManagement;
				PRODUCT_NAME = "$(TARGET_NAME)";
				SWIFT_EMIT_LOC_STRINGS = YES;
				SWIFT_VERSION = 5.0;
				TARGETED_DEVICE_FAMILY = "1,2";
			};
			name = Debug;
		};
		17949C4F2B34BC8700CCABE0 /* Release */ = {
			isa = XCBuildConfiguration;
			buildSettings = {
				ASSETCATALOG_COMPILER_APPICON_NAME = AppIcon;
				ASSETCATALOG_COMPILER_GLOBAL_ACCENT_COLOR_NAME = AccentColor;
				CODE_SIGN_STYLE = Automatic;
				CURRENT_PROJECT_VERSION = 1;
				DEVELOPMENT_ASSET_PATHS = "\"PasswordManagement/Preview Content\"";
				ENABLE_PREVIEWS = YES;
				GENERATE_INFOPLIST_FILE = YES;
				INFOPLIST_KEY_UIApplicationSceneManifest_Generation = YES;
				INFOPLIST_KEY_UIApplicationSupportsIndirectInputEvents = YES;
				INFOPLIST_KEY_UILaunchScreen_Generation = YES;
				INFOPLIST_KEY_UISupportedInterfaceOrientations_iPad = "UIInterfaceOrientationPortrait UIInterfaceOrientationPortraitUpsideDown UIInterfaceOrientationLandscapeLeft UIInterfaceOrientationLandscapeRight";
				INFOPLIST_KEY_UISupportedInterfaceOrientations_iPhone = "UIInterfaceOrientationPortrait UIInterfaceOrientationLandscapeLeft UIInterfaceOrientationLandscapeRight";
				LD_RUNPATH_SEARCH_PATHS = (
					"$(inherited)",
					"@executable_path/Frameworks",
				);
				MARKETING_VERSION = 1.0;
				PRODUCT_BUNDLE_IDENTIFIER = SoftEng.PasswordManagement;
				PRODUCT_NAME = "$(TARGET_NAME)";
				SWIFT_EMIT_LOC_STRINGS = YES;
				SWIFT_VERSION = 5.0;
				TARGETED_DEVICE_FAMILY = "1,2";
			};
			name = Release;
		};
		17949C512B34BC8700CCABE0 /* Debug */ = {
			isa = XCBuildConfiguration;
			buildSettings = {
				ALWAYS_EMBED_SWIFT_STANDARD_LIBRARIES = YES;
				BUNDLE_LOADER = "$(TEST_HOST)";
				CODE_SIGN_STYLE = Automatic;
				CURRENT_PROJECT_VERSION = 1;
				GENERATE_INFOPLIST_FILE = YES;
				IPHONEOS_DEPLOYMENT_TARGET = 17.2;
				MARKETING_VERSION = 1.0;
				PRODUCT_BUNDLE_IDENTIFIER = SoftEng.PasswordManagementTests;
				PRODUCT_NAME = "$(TARGET_NAME)";
				SWIFT_EMIT_LOC_STRINGS = NO;
				SWIFT_VERSION = 5.0;
				TARGETED_DEVICE_FAMILY = "1,2";
				TEST_HOST = "$(BUILT_PRODUCTS_DIR)/PasswordManagement.app/$(BUNDLE_EXECUTABLE_FOLDER_PATH)/PasswordManagement";
			};
			name = Debug;
		};
		17949C522B34BC8700CCABE0 /* Release */ = {
			isa = XCBuildConfiguration;
			buildSettings = {
				ALWAYS_EMBED_SWIFT_STANDARD_LIBRARIES = YES;
				BUNDLE_LOADER = "$(TEST_HOST)";
				CODE_SIGN_STYLE = Automatic;
				CURRENT_PROJECT_VERSION = 1;
				GENERATE_INFOPLIST_FILE = YES;
				IPHONEOS_DEPLOYMENT_TARGET = 17.2;
				MARKETING_VERSION = 1.0;
				PRODUCT_BUNDLE_IDENTIFIER = SoftEng.PasswordManagementTests;
				PRODUCT_NAME = "$(TARGET_NAME)";
				SWIFT_EMIT_LOC_STRINGS = NO;
				SWIFT_VERSION = 5.0;
				TARGETED_DEVICE_FAMILY = "1,2";
				TEST_HOST = "$(BUILT_PRODUCTS_DIR)/PasswordManagement.app/$(BUNDLE_EXECUTABLE_FOLDER_PATH)/PasswordManagement";
			};
			name = Release;
		};
		17949C542B34BC8700CCABE0 /* Debug */ = {
			isa = XCBuildConfiguration;
			buildSettings = {
				ALWAYS_EMBED_SWIFT_STANDARD_LIBRARIES = YES;
				CODE_SIGN_STYLE = Automatic;
				CURRENT_PROJECT_VERSION = 1;
				GENERATE_INFOPLIST_FILE = YES;
				MARKETING_VERSION = 1.0;
				PRODUCT_BUNDLE_IDENTIFIER = SoftEng.PasswordManagementUITests;
				PRODUCT_NAME = "$(TARGET_NAME)";
				SWIFT_EMIT_LOC_STRINGS = NO;
				SWIFT_VERSION = 5.0;
				TARGETED_DEVICE_FAMILY = "1,2";
				TEST_TARGET_NAME = PasswordManagement;
			};
			name = Debug;
		};
		17949C552B34BC8700CCABE0 /* Release */ = {
			isa = XCBuildConfiguration;
			buildSettings = {
				ALWAYS_EMBED_SWIFT_STANDARD_LIBRARIES = YES;
				CODE_SIGN_STYLE = Automatic;
				CURRENT_PROJECT_VERSION = 1;
				GENERATE_INFOPLIST_FILE = YES;
				MARKETING_VERSION = 1.0;
				PRODUCT_BUNDLE_IDENTIFIER = SoftEng.PasswordManagementUITests;
				PRODUCT_NAME = "$(TARGET_NAME)";
				SWIFT_EMIT_LOC_STRINGS = NO;
				SWIFT_VERSION = 5.0;
				TARGETED_DEVICE_FAMILY = "1,2";
				TEST_TARGET_NAME = PasswordManagement;
			};
			name = Release;
		};
/* End XCBuildConfiguration section */

/* Begin XCConfigurationList section */
		17949C222B34BC8600CCABE0 /* Build configuration list for PBXProject "PasswordManagement" */ = {
			isa = XCConfigurationList;
			buildConfigurations = (
				17949C4B2B34BC8700CCABE0 /* Debug */,
				17949C4C2B34BC8700CCABE0 /* Release */,
			);
			defaultConfigurationIsVisible = 0;
			defaultConfigurationName = Release;
		};
		17949C4D2B34BC8700CCABE0 /* Build configuration list for PBXNativeTarget "PasswordManagement" */ = {
			isa = XCConfigurationList;
			buildConfigurations = (
				17949C4E2B34BC8700CCABE0 /* Debug */,
				17949C4F2B34BC8700CCABE0 /* Release */,
			);
			defaultConfigurationIsVisible = 0;
			defaultConfigurationName = Release;
		};
		17949C502B34BC8700CCABE0 /* Build configuration list for PBXNativeTarget "PasswordManagementTests" */ = {
			isa = XCConfigurationList;
			buildConfigurations = (
				17949C512B34BC8700CCABE0 /* Debug */,
				17949C522B34BC8700CCABE0 /* Release */,
			);
			defaultConfigurationIsVisible = 0;
			defaultConfigurationName = Release;
		};
		17949C532B34BC8700CCABE0 /* Build configuration list for PBXNativeTarget "PasswordManagementUITests" */ = {
			isa = XCConfigurationList;
			buildConfigurations = (
				17949C542B34BC8700CCABE0 /* Debug */,
				17949C552B34BC8700CCABE0 /* Release */,
			);
			defaultConfigurationIsVisible = 0;
			defaultConfigurationName = Release;
		};
/* End XCConfigurationList section */
	};
	rootObject = 17949C1F2B34BC8600CCABE0 /* Project object */;
}
